// !$*UTF8*$!
{
	archiveVersion = 1;
	classes = {
	};
	objectVersion = 55;
	objects = {

/* Begin PBXBuildFile section */
		B9B1E6A728DB99C100484DD8 /* UIImageView + Extensions.swift in Sources */ = {isa = PBXBuildFile; fileRef = B9B1E6A628DB99C100484DD8 /* UIImageView + Extensions.swift */; };
		B9B1E6A928DB9A5100484DD8 /* Old Data.swift in Sources */ = {isa = PBXBuildFile; fileRef = B9B1E6A828DB9A5100484DD8 /* Old Data.swift */; };
		B9B1E6AB28DBA28B00484DD8 /* SpaceDataTableViewController.swift in Sources */ = {isa = PBXBuildFile; fileRef = B9B1E6AA28DBA28B00484DD8 /* SpaceDataTableViewController.swift */; };
		FA1739F728B4F04400B92379 /* AppDelegate.swift in Sources */ = {isa = PBXBuildFile; fileRef = FA1739F628B4F04400B92379 /* AppDelegate.swift */; };
		FA1739F928B4F04400B92379 /* SceneDelegate.swift in Sources */ = {isa = PBXBuildFile; fileRef = FA1739F828B4F04400B92379 /* SceneDelegate.swift */; };
		FA1739FB28B4F04400B92379 /* ViewController.swift in Sources */ = {isa = PBXBuildFile; fileRef = FA1739FA28B4F04400B92379 /* ViewController.swift */; };
		FA173A0028B4F04700B92379 /* Assets.xcassets in Resources */ = {isa = PBXBuildFile; fileRef = FA1739FF28B4F04700B92379 /* Assets.xcassets */; };
		FA173A0328B4F04700B92379 /* LaunchScreen.storyboard in Resources */ = {isa = PBXBuildFile; fileRef = FA173A0128B4F04700B92379 /* LaunchScreen.storyboard */; };
		FA1CF47928BCC5E30087C646 /* NewsAPI.swift in Sources */ = {isa = PBXBuildFile; fileRef = FA1CF47828BCC5E30087C646 /* NewsAPI.swift */; };
		FA23DF8628D1DA75003EB925 /* Main.storyboard in Resources */ = {isa = PBXBuildFile; fileRef = FA23DF8428D1DA74003EB925 /* Main.storyboard */; };
		FA49A31D28C0DD6D00D2EAE5 /* Structs.swift in Sources */ = {isa = PBXBuildFile; fileRef = FA49A31C28C0DD6D00D2EAE5 /* Structs.swift */; };
		FA789F7428C53C990079885F /* tryCocoaPodsViewController.swift in Sources */ = {isa = PBXBuildFile; fileRef = FA789F7328C53C990079885F /* tryCocoaPodsViewController.swift */; };
		FAAB5C9F28D0FCB100D40593 /* viewController2.swift in Sources */ = {isa = PBXBuildFile; fileRef = FAAB5C9E28D0FCB100D40593 /* viewController2.swift */; };
/* End PBXBuildFile section */

/* Begin PBXFileReference section */
		B9B1E6A628DB99C100484DD8 /* UIImageView + Extensions.swift */ = {isa = PBXFileReference; lastKnownFileType = sourcecode.swift; path = "UIImageView + Extensions.swift"; sourceTree = "<group>"; };
		B9B1E6A828DB9A5100484DD8 /* Old Data.swift */ = {isa = PBXFileReference; lastKnownFileType = sourcecode.swift; path = "Old Data.swift"; sourceTree = "<group>"; };
		B9B1E6AA28DBA28B00484DD8 /* SpaceDataTableViewController.swift */ = {isa = PBXFileReference; lastKnownFileType = sourcecode.swift; path = SpaceDataTableViewController.swift; sourceTree = "<group>"; };
		FA1739F628B4F04400B92379 /* AppDelegate.swift */ = {isa = PBXFileReference; lastKnownFileType = sourcecode.swift; path = AppDelegate.swift; sourceTree = "<group>"; };
		FA1739F828B4F04400B92379 /* SceneDelegate.swift */ = {isa = PBXFileReference; lastKnownFileType = sourcecode.swift; path = SceneDelegate.swift; sourceTree = "<group>"; };
		FA1739FA28B4F04400B92379 /* ViewController.swift */ = {isa = PBXFileReference; lastKnownFileType = sourcecode.swift; path = ViewController.swift; sourceTree = "<group>"; };
		FA1739FF28B4F04700B92379 /* Assets.xcassets */ = {isa = PBXFileReference; lastKnownFileType = folder.assetcatalog; path = Assets.xcassets; sourceTree = "<group>"; };
		FA173A0228B4F04700B92379 /* Base */ = {isa = PBXFileReference; lastKnownFileType = file.storyboard; name = Base; path = Base.lproj/LaunchScreen.storyboard; sourceTree = "<group>"; };
		FA173A0428B4F04700B92379 /* Info.plist */ = {isa = PBXFileReference; lastKnownFileType = text.plist.xml; path = Info.plist; sourceTree = "<group>"; };
		FA1CF47828BCC5E30087C646 /* NewsAPI.swift */ = {isa = PBXFileReference; lastKnownFileType = sourcecode.swift; path = NewsAPI.swift; sourceTree = "<group>"; };
		FA23DF8528D1DA74003EB925 /* Base */ = {isa = PBXFileReference; lastKnownFileType = file.storyboard; name = Base; path = Base.lproj/Main.storyboard; sourceTree = "<group>"; };
		FA49A31C28C0DD6D00D2EAE5 /* Structs.swift */ = {isa = PBXFileReference; lastKnownFileType = sourcecode.swift; path = Structs.swift; sourceTree = "<group>"; };
		FA789F7328C53C990079885F /* tryCocoaPodsViewController.swift */ = {isa = PBXFileReference; lastKnownFileType = sourcecode.swift; path = tryCocoaPodsViewController.swift; sourceTree = "<group>"; };
		FAAB5C9D28D0ED1C00D40593 /* News time.app */ = {isa = PBXFileReference; explicitFileType = wrapper.application; includeInIndex = 0; path = "News time.app"; sourceTree = BUILT_PRODUCTS_DIR; };
		FAAB5C9E28D0FCB100D40593 /* viewController2.swift */ = {isa = PBXFileReference; lastKnownFileType = sourcecode.swift; path = viewController2.swift; sourceTree = "<group>"; };
/* End PBXFileReference section */

/* Begin PBXFrameworksBuildPhase section */
		FA1739F028B4F04400B92379 /* Frameworks */ = {
			isa = PBXFrameworksBuildPhase;
			buildActionMask = 2147483647;
			files = (
			);
			runOnlyForDeploymentPostprocessing = 0;
		};
/* End PBXFrameworksBuildPhase section */

/* Begin PBXGroup section */
		FA1739EA28B4F04300B92379 = {
			isa = PBXGroup;
			children = (
				FA1739F528B4F04400B92379 /* News time */,
				FAAB5C9D28D0ED1C00D40593 /* News time.app */,
			);
			sourceTree = "<group>";
		};
		FA1739F528B4F04400B92379 /* News time */ = {
			isa = PBXGroup;
			children = (
				FA49A31B28C0DA4800D2EAE5 /* Model */,
				FA49A31A28C0DA0E00D2EAE5 /*  Controller */,
				FA49A31928C0D9DB00D2EAE5 /* View */,
				FA1739FF28B4F04700B92379 /* Assets.xcassets */,
				FA173A0428B4F04700B92379 /* Info.plist */,
				B9B1E6A628DB99C100484DD8 /* UIImageView + Extensions.swift */,
			);
			path = "News time";
			sourceTree = "<group>";
		};
		FA49A31928C0D9DB00D2EAE5 /* View */ = {
			isa = PBXGroup;
			children = (
				FA173A0128B4F04700B92379 /* LaunchScreen.storyboard */,
				FA23DF8428D1DA74003EB925 /* Main.storyboard */,
			);
			path = View;
			sourceTree = "<group>";
		};
		FA49A31A28C0DA0E00D2EAE5 /*  Controller */ = {
			isa = PBXGroup;
			children = (
				FA1739FA28B4F04400B92379 /* ViewController.swift */,
				FA1739F628B4F04400B92379 /* AppDelegate.swift */,
				FA1739F828B4F04400B92379 /* SceneDelegate.swift */,
				FA789F7328C53C990079885F /* tryCocoaPodsViewController.swift */,
				FAAB5C9E28D0FCB100D40593 /* viewController2.swift */,
				B9B1E6A828DB9A5100484DD8 /* Old Data.swift */,
				B9B1E6AA28DBA28B00484DD8 /* SpaceDataTableViewController.swift */,
			);
			path = " Controller";
			sourceTree = "<group>";
		};
		FA49A31B28C0DA4800D2EAE5 /* Model */ = {
			isa = PBXGroup;
			children = (
				FA1CF47828BCC5E30087C646 /* NewsAPI.swift */,
				FA49A31C28C0DD6D00D2EAE5 /* Structs.swift */,
			);
			path = Model;
			sourceTree = "<group>";
		};
/* End PBXGroup section */

/* Begin PBXNativeTarget section */
		FA1739F228B4F04400B92379 /* News time */ = {
			isa = PBXNativeTarget;
			buildConfigurationList = FA173A0728B4F04700B92379 /* Build configuration list for PBXNativeTarget "News time" */;
			buildPhases = (
				FA1739EF28B4F04400B92379 /* Sources */,
				FA1739F028B4F04400B92379 /* Frameworks */,
				FA1739F128B4F04400B92379 /* Resources */,
			);
			buildRules = (
			);
			dependencies = (
			);
			name = "News time";
			productName = "News time";
			productReference = FAAB5C9D28D0ED1C00D40593 /* News time.app */;
			productType = "com.apple.product-type.application";
		};
/* End PBXNativeTarget section */

/* Begin PBXProject section */
		FA1739EB28B4F04300B92379 /* Project object */ = {
			isa = PBXProject;
			attributes = {
				BuildIndependentTargetsInParallel = 1;
				LastSwiftUpdateCheck = 1330;
				LastUpgradeCheck = 1330;
				TargetAttributes = {
					FA1739F228B4F04400B92379 = {
						CreatedOnToolsVersion = 13.3;
					};
				};
			};
			buildConfigurationList = FA1739EE28B4F04300B92379 /* Build configuration list for PBXProject "News time" */;
			compatibilityVersion = "Xcode 13.0";
			developmentRegion = en;
			hasScannedForEncodings = 0;
			knownRegions = (
				en,
				Base,
			);
			mainGroup = FA1739EA28B4F04300B92379;
			productRefGroup = FA1739EA28B4F04300B92379;
			projectDirPath = "";
			projectRoot = "";
			targets = (
				FA1739F228B4F04400B92379 /* News time */,
			);
		};
/* End PBXProject section */

/* Begin PBXResourcesBuildPhase section */
		FA1739F128B4F04400B92379 /* Resources */ = {
			isa = PBXResourcesBuildPhase;
			buildActionMask = 2147483647;
			files = (
				FA23DF8628D1DA75003EB925 /* Main.storyboard in Resources */,
				FA173A0328B4F04700B92379 /* LaunchScreen.storyboard in Resources */,
				FA173A0028B4F04700B92379 /* Assets.xcassets in Resources */,
			);
			runOnlyForDeploymentPostprocessing = 0;
		};
/* End PBXResourcesBuildPhase section */

/* Begin PBXSourcesBuildPhase section */
		FA1739EF28B4F04400B92379 /* Sources */ = {
			isa = PBXSourcesBuildPhase;
			buildActionMask = 2147483647;
			files = (
				B9B1E6A728DB99C100484DD8 /* UIImageView + Extensions.swift in Sources */,
				B9B1E6A928DB9A5100484DD8 /* Old Data.swift in Sources */,
				FA1739FB28B4F04400B92379 /* ViewController.swift in Sources */,
				FAAB5C9F28D0FCB100D40593 /* viewController2.swift in Sources */,
				B9B1E6AB28DBA28B00484DD8 /* SpaceDataTableViewController.swift in Sources */,
				FA49A31D28C0DD6D00D2EAE5 /* Structs.swift in Sources */,
				FA1739F728B4F04400B92379 /* AppDelegate.swift in Sources */,
				FA1739F928B4F04400B92379 /* SceneDelegate.swift in Sources */,
				FA1CF47928BCC5E30087C646 /* NewsAPI.swift in Sources */,
				FA789F7428C53C990079885F /* tryCocoaPodsViewController.swift in Sources */,
			);
			runOnlyForDeploymentPostprocessing = 0;
		};
/* End PBXSourcesBuildPhase section */

/* Begin PBXVariantGroup section */
		FA173A0128B4F04700B92379 /* LaunchScreen.storyboard */ = {
			isa = PBXVariantGroup;
			children = (
				FA173A0228B4F04700B92379 /* Base */,
			);
			name = LaunchScreen.storyboard;
			sourceTree = "<group>";
		};
		FA23DF8428D1DA74003EB925 /* Main.storyboard */ = {
			isa = PBXVariantGroup;
			children = (
				FA23DF8528D1DA74003EB925 /* Base */,
			);
			name = Main.storyboard;
			sourceTree = "<group>";
		};
/* End PBXVariantGroup section */

/* Begin XCBuildConfiguration section */
		FA173A0528B4F04700B92379 /* Debug */ = {
			isa = XCBuildConfiguration;
			buildSettings = {
				ALWAYS_SEARCH_USER_PATHS = NO;
				CLANG_ANALYZER_NONNULL = YES;
				CLANG_ANALYZER_NUMBER_OBJECT_CONVERSION = YES_AGGRESSIVE;
				CLANG_CXX_LANGUAGE_STANDARD = "gnu++17";
				CLANG_ENABLE_MODULES = YES;
				CLANG_ENABLE_OBJC_ARC = YES;
				CLANG_ENABLE_OBJC_WEAK = YES;
				CLANG_WARN_BLOCK_CAPTURE_AUTORELEASING = YES;
				CLANG_WARN_BOOL_CONVERSION = YES;
				CLANG_WARN_COMMA = YES;
				CLANG_WARN_CONSTANT_CONVERSION = YES;
				CLANG_WARN_DEPRECATED_OBJC_IMPLEMENTATIONS = YES;
				CLANG_WARN_DIRECT_OBJC_ISA_USAGE = YES_ERROR;
				CLANG_WARN_DOCUMENTATION_COMMENTS = YES;
				CLANG_WARN_EMPTY_BODY = YES;
				CLANG_WARN_ENUM_CONVERSION = YES;
				CLANG_WARN_INFINITE_RECURSION = YES;
				CLANG_WARN_INT_CONVERSION = YES;
				CLANG_WARN_NON_LITERAL_NULL_CONVERSION = YES;
				CLANG_WARN_OBJC_IMPLICIT_RETAIN_SELF = YES;
				CLANG_WARN_OBJC_LITERAL_CONVERSION = YES;
				CLANG_WARN_OBJC_ROOT_CLASS = YES_ERROR;
				CLANG_WARN_QUOTED_INCLUDE_IN_FRAMEWORK_HEADER = YES;
				CLANG_WARN_RANGE_LOOP_ANALYSIS = YES;
				CLANG_WARN_STRICT_PROTOTYPES = YES;
				CLANG_WARN_SUSPICIOUS_MOVE = YES;
				CLANG_WARN_UNGUARDED_AVAILABILITY = YES_AGGRESSIVE;
				CLANG_WARN_UNREACHABLE_CODE = YES;
				CLANG_WARN__DUPLICATE_METHOD_MATCH = YES;
				COPY_PHASE_STRIP = NO;
				DEBUG_INFORMATION_FORMAT = dwarf;
				ENABLE_STRICT_OBJC_MSGSEND = YES;
				ENABLE_TESTABILITY = YES;
				GCC_C_LANGUAGE_STANDARD = gnu11;
				GCC_DYNAMIC_NO_PIC = NO;
				GCC_NO_COMMON_BLOCKS = YES;
				GCC_OPTIMIZATION_LEVEL = 0;
				GCC_PREPROCESSOR_DEFINITIONS = (
					"DEBUG=1",
					"$(inherited)",
				);
				GCC_WARN_64_TO_32_BIT_CONVERSION = YES;
				GCC_WARN_ABOUT_RETURN_TYPE = YES_ERROR;
				GCC_WARN_UNDECLARED_SELECTOR = YES;
				GCC_WARN_UNINITIALIZED_AUTOS = YES_AGGRESSIVE;
				GCC_WARN_UNUSED_FUNCTION = YES;
				GCC_WARN_UNUSED_VARIABLE = YES;
				IPHONEOS_DEPLOYMENT_TARGET = 15.4;
				MTL_ENABLE_DEBUG_INFO = INCLUDE_SOURCE;
				MTL_FAST_MATH = YES;
				ONLY_ACTIVE_ARCH = YES;
				SDKROOT = iphoneos;
				SWIFT_ACTIVE_COMPILATION_CONDITIONS = DEBUG;
				SWIFT_OPTIMIZATION_LEVEL = "-Onone";
			};
			name = Debug;
		};
		FA173A0628B4F04700B92379 /* Release */ = {
			isa = XCBuildConfiguration;
			buildSettings = {
				ALWAYS_SEARCH_USER_PATHS = NO;
				CLANG_ANALYZER_NONNULL = YES;
				CLANG_ANALYZER_NUMBER_OBJECT_CONVERSION = YES_AGGRESSIVE;
				CLANG_CXX_LANGUAGE_STANDARD = "gnu++17";
				CLANG_ENABLE_MODULES = YES;
				CLANG_ENABLE_OBJC_ARC = YES;
				CLANG_ENABLE_OBJC_WEAK = YES;
				CLANG_WARN_BLOCK_CAPTURE_AUTORELEASING = YES;
				CLANG_WARN_BOOL_CONVERSION = YES;
				CLANG_WARN_COMMA = YES;
				CLANG_WARN_CONSTANT_CONVERSION = YES;
				CLANG_WARN_DEPRECATED_OBJC_IMPLEMENTATIONS = YES;
				CLANG_WARN_DIRECT_OBJC_ISA_USAGE = YES_ERROR;
				CLANG_WARN_DOCUMENTATION_COMMENTS = YES;
				CLANG_WARN_EMPTY_BODY = YES;
				CLANG_WARN_ENUM_CONVERSION = YES;
				CLANG_WARN_INFINITE_RECURSION = YES;
				CLANG_WARN_INT_CONVERSION = YES;
				CLANG_WARN_NON_LITERAL_NULL_CONVERSION = YES;
				CLANG_WARN_OBJC_IMPLICIT_RETAIN_SELF = YES;
				CLANG_WARN_OBJC_LITERAL_CONVERSION = YES;
				CLANG_WARN_OBJC_ROOT_CLASS = YES_ERROR;
				CLANG_WARN_QUOTED_INCLUDE_IN_FRAMEWORK_HEADER = YES;
				CLANG_WARN_RANGE_LOOP_ANALYSIS = YES;
				CLANG_WARN_STRICT_PROTOTYPES = YES;
				CLANG_WARN_SUSPICIOUS_MOVE = YES;
				CLANG_WARN_UNGUARDED_AVAILABILITY = YES_AGGRESSIVE;
				CLANG_WARN_UNREACHABLE_CODE = YES;
				CLANG_WARN__DUPLICATE_METHOD_MATCH = YES;
				COPY_PHASE_STRIP = NO;
				DEBUG_INFORMATION_FORMAT = "dwarf-with-dsym";
				ENABLE_NS_ASSERTIONS = NO;
				ENABLE_STRICT_OBJC_MSGSEND = YES;
				GCC_C_LANGUAGE_STANDARD = gnu11;
				GCC_NO_COMMON_BLOCKS = YES;
				GCC_WARN_64_TO_32_BIT_CONVERSION = YES;
				GCC_WARN_ABOUT_RETURN_TYPE = YES_ERROR;
				GCC_WARN_UNDECLARED_SELECTOR = YES;
				GCC_WARN_UNINITIALIZED_AUTOS = YES_AGGRESSIVE;
				GCC_WARN_UNUSED_FUNCTION = YES;
				GCC_WARN_UNUSED_VARIABLE = YES;
				IPHONEOS_DEPLOYMENT_TARGET = 15.4;
				MTL_ENABLE_DEBUG_INFO = NO;
				MTL_FAST_MATH = YES;
				SDKROOT = iphoneos;
				SWIFT_COMPILATION_MODE = wholemodule;
				SWIFT_OPTIMIZATION_LEVEL = "-O";
				VALIDATE_PRODUCT = YES;
			};
			name = Release;
		};
		FA173A0828B4F04700B92379 /* Debug */ = {
			isa = XCBuildConfiguration;
			buildSettings = {
				ASSETCATALOG_COMPILER_APPICON_NAME = AppIcon;
				ASSETCATALOG_COMPILER_GLOBAL_ACCENT_COLOR_NAME = AccentColor;
				CODE_SIGN_STYLE = Automatic;
				CURRENT_PROJECT_VERSION = 1;
				DEVELOPMENT_TEAM = 8M94F2WL46;
				GENERATE_INFOPLIST_FILE = YES;
				INFOPLIST_FILE = "News time/Info.plist";
				INFOPLIST_KEY_UIApplicationSupportsIndirectInputEvents = YES;
				INFOPLIST_KEY_UILaunchStoryboardName = LaunchScreen;
				INFOPLIST_KEY_UIMainStoryboardFile = Main;
				INFOPLIST_KEY_UISupportedInterfaceOrientations_iPad = "UIInterfaceOrientationPortrait UIInterfaceOrientationPortraitUpsideDown UIInterfaceOrientationLandscapeLeft UIInterfaceOrientationLandscapeRight";
				INFOPLIST_KEY_UISupportedInterfaceOrientations_iPhone = "UIInterfaceOrientationPortrait UIInterfaceOrientationLandscapeLeft UIInterfaceOrientationLandscapeRight";
				LD_RUNPATH_SEARCH_PATHS = (
					"$(inherited)",
					"@executable_path/Frameworks",
				);
				MARKETING_VERSION = 1.0;
				PRODUCT_BUNDLE_IDENTIFIER = "scode.News-time";
				PRODUCT_NAME = "$(TARGET_NAME)";
				SWIFT_EMIT_LOC_STRINGS = YES;
				SWIFT_VERSION = 5.0;
				TARGETED_DEVICE_FAMILY = "1,2";
			};
			name = Debug;
		};
		FA173A0928B4F04700B92379 /* Release */ = {
			isa = XCBuildConfiguration;
			buildSettings = {
				ASSETCATALOG_COMPILER_APPICON_NAME = AppIcon;
				ASSETCATALOG_COMPILER_GLOBAL_ACCENT_COLOR_NAME = AccentColor;
				CODE_SIGN_STYLE = Automatic;
				CURRENT_PROJECT_VERSION = 1;
				DEVELOPMENT_TEAM = 8M94F2WL46;
				GENERATE_INFOPLIST_FILE = YES;
				INFOPLIST_FILE = "News time/Info.plist";
				INFOPLIST_KEY_UIApplicationSupportsIndirectInputEvents = YES;
				INFOPLIST_KEY_UILaunchStoryboardName = LaunchScreen;
				INFOPLIST_KEY_UIMainStoryboardFile = Main;
				INFOPLIST_KEY_UISupportedInterfaceOrientations_iPad = "UIInterfaceOrientationPortrait UIInterfaceOrientationPortraitUpsideDown UIInterfaceOrientationLandscapeLeft UIInterfaceOrientationLandscapeRight";
				INFOPLIST_KEY_UISupportedInterfaceOrientations_iPhone = "UIInterfaceOrientationPortrait UIInterfaceOrientationLandscapeLeft UIInterfaceOrientationLandscapeRight";
				LD_RUNPATH_SEARCH_PATHS = (
					"$(inherited)",
					"@executable_path/Frameworks",
				);
				MARKETING_VERSION = 1.0;
				PRODUCT_BUNDLE_IDENTIFIER = "scode.News-time";
				PRODUCT_NAME = "$(TARGET_NAME)";
				SWIFT_EMIT_LOC_STRINGS = YES;
				SWIFT_VERSION = 5.0;
				TARGETED_DEVICE_FAMILY = "1,2";
			};
			name = Release;
		};
/* End XCBuildConfiguration section */

/* Begin XCConfigurationList section */
		FA1739EE28B4F04300B92379 /* Build configuration list for PBXProject "News time" */ = {
			isa = XCConfigurationList;
			buildConfigurations = (
				FA173A0528B4F04700B92379 /* Debug */,
				FA173A0628B4F04700B92379 /* Release */,
			);
			defaultConfigurationIsVisible = 0;
			defaultConfigurationName = Release;
		};
		FA173A0728B4F04700B92379 /* Build configuration list for PBXNativeTarget "News time" */ = {
			isa = XCConfigurationList;
			buildConfigurations = (
				FA173A0828B4F04700B92379 /* Debug */,
				FA173A0928B4F04700B92379 /* Release */,
			);
			defaultConfigurationIsVisible = 0;
			defaultConfigurationName = Release;
		};
/* End XCConfigurationList section */
	};
	rootObject = FA1739EB28B4F04300B92379 /* Project object */;
}
